
Microsoft Visual Studio Solution File, Format Version 12.00
# Visual Studio 15
VisualStudioVersion = 15.0.28307.136
MinimumVisualStudioVersion = 10.0.40219.1
Project("{FAE04EC0-301F-11D3-BF4B-00C04F79EFBC}") = "MAEDN", "MAEDN\MAEDN.csproj", "{8FA2BC67-8895-47DD-B552-81C173B67212}"
EndProject
Global
	GlobalSection(SolutionConfigurationPlatforms) = preSolution
		Debug|Any CPU = Debug|Any CPU
		Release|Any CPU = Release|Any CPU
	EndGlobalSection
	GlobalSection(ProjectConfigurationPlatforms) = postSolution
		{8FA2BC67-8895-47DD-B552-81C173B67212}.Debug|Any CPU.ActiveCfg = Debug|Any CPU
		{8FA2BC67-8895-47DD-B552-81C173B67212}.Debug|Any CPU.Build.0 = Debug|Any CPU
		{8FA2BC67-8895-47DD-B552-81C173B67212}.Release|Any CPU.ActiveCfg = Release|Any CPU
		{8FA2BC67-8895-47DD-B552-81C173B67212}.Release|Any CPU.Build.0 = Release|Any CPU
	EndGlobalSection
	GlobalSection(SolutionProperties) = preSolution
		HideSolutionNode = FALSE
	EndGlobalSection
	GlobalSection(ExtensibilityGlobals) = postSolution
		SolutionGuid = {06998BB7-0807-437A-88AA-DC86C3354163}
	EndGlobalSection
EndGlobal
